// !$*UTF8*$!
{
	archiveVersion = 1;
	classes = {
	};
	objectVersion = 77;
	objects = {

/* Begin PBXBuildFile section */
		BFFA7F672DB12C9500267730 /* FirebaseAnalytics in Frameworks */ = {isa = PBXBuildFile; productRef = BFFA7F662DB12C9500267730 /* FirebaseAnalytics */; };
		BFFA7F692DB12C9500267730 /* FirebaseAnalyticsOnDeviceConversion in Frameworks */ = {isa = PBXBuildFile; productRef = BFFA7F682DB12C9500267730 /* FirebaseAnalyticsOnDeviceConversion */; };
		BFFA7F6B2DB12C9500267730 /* FirebaseAnalyticsWithoutAdIdSupport in Frameworks */ = {isa = PBXBuildFile; productRef = BFFA7F6A2DB12C9500267730 /* FirebaseAnalyticsWithoutAdIdSupport */; };
		BFFA7F6D2DB12C9500267730 /* FirebaseAppCheck in Frameworks */ = {isa = PBXBuildFile; productRef = BFFA7F6C2DB12C9500267730 /* FirebaseAppCheck */; };
		BFFA7F6F2DB12C9500267730 /* FirebaseAppDistribution-Beta in Frameworks */ = {isa = PBXBuildFile; productRef = BFFA7F6E2DB12C9500267730 /* FirebaseAppDistribution-Beta */; };
		BFFA7F712DB12C9500267730 /* FirebaseAuth in Frameworks */ = {isa = PBXBuildFile; productRef = BFFA7F702DB12C9500267730 /* FirebaseAuth */; };
		BFFA7F732DB12C9500267730 /* FirebaseAuthCombine-Community in Frameworks */ = {isa = PBXBuildFile; productRef = BFFA7F722DB12C9500267730 /* FirebaseAuthCombine-Community */; };
		BFFA7F752DB12C9500267730 /* FirebaseCore in Frameworks */ = {isa = PBXBuildFile; productRef = BFFA7F742DB12C9500267730 /* FirebaseCore */; };
		BFFA7F772DB12C9500267730 /* FirebaseCrashlytics in Frameworks */ = {isa = PBXBuildFile; productRef = BFFA7F762DB12C9500267730 /* FirebaseCrashlytics */; };
		BFFA7F792DB12C9500267730 /* FirebaseDatabase in Frameworks */ = {isa = PBXBuildFile; productRef = BFFA7F782DB12C9500267730 /* FirebaseDatabase */; };
		BFFA7F7B2DB12C9500267730 /* FirebaseDynamicLinks in Frameworks */ = {isa = PBXBuildFile; productRef = BFFA7F7A2DB12C9500267730 /* FirebaseDynamicLinks */; };
		BFFA7F7D2DB12C9500267730 /* FirebaseFirestore in Frameworks */ = {isa = PBXBuildFile; productRef = BFFA7F7C2DB12C9500267730 /* FirebaseFirestore */; };
		BFFA7F7F2DB12C9500267730 /* FirebaseFirestoreCombine-Community in Frameworks */ = {isa = PBXBuildFile; productRef = BFFA7F7E2DB12C9500267730 /* FirebaseFirestoreCombine-Community */; };
		BFFA7F812DB12C9500267730 /* FirebaseFunctions in Frameworks */ = {isa = PBXBuildFile; productRef = BFFA7F802DB12C9500267730 /* FirebaseFunctions */; };
		BFFA7F832DB12C9500267730 /* FirebaseFunctionsCombine-Community in Frameworks */ = {isa = PBXBuildFile; productRef = BFFA7F822DB12C9500267730 /* FirebaseFunctionsCombine-Community */; };
		BFFA7F852DB12C9500267730 /* FirebaseInAppMessaging-Beta in Frameworks */ = {isa = PBXBuildFile; productRef = BFFA7F842DB12C9500267730 /* FirebaseInAppMessaging-Beta */; };
		BFFA7F872DB12C9500267730 /* FirebaseInstallations in Frameworks */ = {isa = PBXBuildFile; productRef = BFFA7F862DB12C9500267730 /* FirebaseInstallations */; };
		BFFA7F892DB12C9500267730 /* FirebaseMessaging in Frameworks */ = {isa = PBXBuildFile; productRef = BFFA7F882DB12C9500267730 /* FirebaseMessaging */; };
		BFFA7F8B2DB12C9500267730 /* FirebaseMLModelDownloader in Frameworks */ = {isa = PBXBuildFile; productRef = BFFA7F8A2DB12C9500267730 /* FirebaseMLModelDownloader */; };
		BFFA7F8D2DB12C9500267730 /* FirebasePerformance in Frameworks */ = {isa = PBXBuildFile; productRef = BFFA7F8C2DB12C9500267730 /* FirebasePerformance */; };
		BFFA7F8F2DB12C9500267730 /* FirebaseRemoteConfig in Frameworks */ = {isa = PBXBuildFile; productRef = BFFA7F8E2DB12C9500267730 /* FirebaseRemoteConfig */; };
		BFFA7F912DB12C9500267730 /* FirebaseStorage in Frameworks */ = {isa = PBXBuildFile; productRef = BFFA7F902DB12C9500267730 /* FirebaseStorage */; };
		BFFA7F932DB12C9500267730 /* FirebaseStorageCombine-Community in Frameworks */ = {isa = PBXBuildFile; productRef = BFFA7F922DB12C9500267730 /* FirebaseStorageCombine-Community */; };
		BFFA7F952DB12C9500267730 /* FirebaseVertexAI in Frameworks */ = {isa = PBXBuildFile; productRef = BFFA7F942DB12C9500267730 /* FirebaseVertexAI */; };
/* End PBXBuildFile section */

/* Begin PBXFileReference section */
		BFDE9A762DA937D1009F73E9 /* Sports-Sync-App.app */ = {isa = PBXFileReference; explicitFileType = wrapper.application; includeInIndex = 0; path = "Sports-Sync-App.app"; sourceTree = BUILT_PRODUCTS_DIR; };
/* End PBXFileReference section */

/* Begin PBXFileSystemSynchronizedBuildFileExceptionSet section */
		BF63A3642DACDDC00068CB62 /* Exceptions for "Sports-Sync-App" folder in "Sports-Sync-App" target */ = {
			isa = PBXFileSystemSynchronizedBuildFileExceptionSet;
			membershipExceptions = (
				Info.plist,
			);
			target = BFDE9A752DA937D1009F73E9 /* Sports-Sync-App */;
		};
/* End PBXFileSystemSynchronizedBuildFileExceptionSet section */

/* Begin PBXFileSystemSynchronizedRootGroup section */
		BFDE9A782DA937D1009F73E9 /* Sports-Sync-App */ = {
			isa = PBXFileSystemSynchronizedRootGroup;
			exceptions = (
				BF63A3642DACDDC00068CB62 /* Exceptions for "Sports-Sync-App" folder in "Sports-Sync-App" target */,
			);
			path = "Sports-Sync-App";
			sourceTree = "<group>";
		};
/* End PBXFileSystemSynchronizedRootGroup section */

/* Begin PBXFrameworksBuildPhase section */
		BFDE9A732DA937D1009F73E9 /* Frameworks */ = {
			isa = PBXFrameworksBuildPhase;
			buildActionMask = 2147483647;
			files = (
				BFFA7F8D2DB12C9500267730 /* FirebasePerformance in Frameworks */,
				BFFA7F6F2DB12C9500267730 /* FirebaseAppDistribution-Beta in Frameworks */,
				BFFA7F832DB12C9500267730 /* FirebaseFunctionsCombine-Community in Frameworks */,
				BFFA7F732DB12C9500267730 /* FirebaseAuthCombine-Community in Frameworks */,
				BFFA7F912DB12C9500267730 /* FirebaseStorage in Frameworks */,
				BFFA7F7F2DB12C9500267730 /* FirebaseFirestoreCombine-Community in Frameworks */,
				BFFA7F6B2DB12C9500267730 /* FirebaseAnalyticsWithoutAdIdSupport in Frameworks */,
				BFFA7F8B2DB12C9500267730 /* FirebaseMLModelDownloader in Frameworks */,
				BFFA7F772DB12C9500267730 /* FirebaseCrashlytics in Frameworks */,
				BFFA7F952DB12C9500267730 /* FirebaseVertexAI in Frameworks */,
				BFFA7F872DB12C9500267730 /* FirebaseInstallations in Frameworks */,
				BFFA7F792DB12C9500267730 /* FirebaseDatabase in Frameworks */,
				BFFA7F672DB12C9500267730 /* FirebaseAnalytics in Frameworks */,
				BFFA7F752DB12C9500267730 /* FirebaseCore in Frameworks */,
				BFFA7F892DB12C9500267730 /* FirebaseMessaging in Frameworks */,
				BFFA7F852DB12C9500267730 /* FirebaseInAppMessaging-Beta in Frameworks */,
				BFFA7F6D2DB12C9500267730 /* FirebaseAppCheck in Frameworks */,
				BFFA7F812DB12C9500267730 /* FirebaseFunctions in Frameworks */,
				BFFA7F8F2DB12C9500267730 /* FirebaseRemoteConfig in Frameworks */,
				BFFA7F692DB12C9500267730 /* FirebaseAnalyticsOnDeviceConversion in Frameworks */,
				BFFA7F712DB12C9500267730 /* FirebaseAuth in Frameworks */,
				BFFA7F932DB12C9500267730 /* FirebaseStorageCombine-Community in Frameworks */,
				BFFA7F7B2DB12C9500267730 /* FirebaseDynamicLinks in Frameworks */,
				BFFA7F7D2DB12C9500267730 /* FirebaseFirestore in Frameworks */,
			);
			runOnlyForDeploymentPostprocessing = 0;
		};
/* End PBXFrameworksBuildPhase section */

/* Begin PBXGroup section */
		BFDE9A6D2DA937D1009F73E9 = {
			isa = PBXGroup;
			children = (
				BFDE9A782DA937D1009F73E9 /* Sports-Sync-App */,
				BFFA7F652DB12C9500267730 /* Frameworks */,
				BFDE9A772DA937D1009F73E9 /* Products */,
			);
			sourceTree = "<group>";
		};
		BFDE9A772DA937D1009F73E9 /* Products */ = {
			isa = PBXGroup;
			children = (
				BFDE9A762DA937D1009F73E9 /* Sports-Sync-App.app */,
			);
			name = Products;
			sourceTree = "<group>";
		};
		BFFA7F652DB12C9500267730 /* Frameworks */ = {
			isa = PBXGroup;
			children = (
			);
			name = Frameworks;
			sourceTree = "<group>";
		};
/* End PBXGroup section */

/* Begin PBXNativeTarget section */
		BFDE9A752DA937D1009F73E9 /* Sports-Sync-App */ = {
			isa = PBXNativeTarget;
			buildConfigurationList = BFDE9A842DA937D3009F73E9 /* Build configuration list for PBXNativeTarget "Sports-Sync-App" */;
			buildPhases = (
				BFDE9A722DA937D1009F73E9 /* Sources */,
				BFDE9A732DA937D1009F73E9 /* Frameworks */,
				BFDE9A742DA937D1009F73E9 /* Resources */,
			);
			buildRules = (
			);
			dependencies = (
			);
			fileSystemSynchronizedGroups = (
				BFDE9A782DA937D1009F73E9 /* Sports-Sync-App */,
			);
			name = "Sports-Sync-App";
			packageProductDependencies = (
				BFFA7F662DB12C9500267730 /* FirebaseAnalytics */,
				BFFA7F682DB12C9500267730 /* FirebaseAnalyticsOnDeviceConversion */,
				BFFA7F6A2DB12C9500267730 /* FirebaseAnalyticsWithoutAdIdSupport */,
				BFFA7F6C2DB12C9500267730 /* FirebaseAppCheck */,
				BFFA7F6E2DB12C9500267730 /* FirebaseAppDistribution-Beta */,
				BFFA7F702DB12C9500267730 /* FirebaseAuth */,
				BFFA7F722DB12C9500267730 /* FirebaseAuthCombine-Community */,
				BFFA7F742DB12C9500267730 /* FirebaseCore */,
				BFFA7F762DB12C9500267730 /* FirebaseCrashlytics */,
				BFFA7F782DB12C9500267730 /* FirebaseDatabase */,
				BFFA7F7A2DB12C9500267730 /* FirebaseDynamicLinks */,
				BFFA7F7C2DB12C9500267730 /* FirebaseFirestore */,
				BFFA7F7E2DB12C9500267730 /* FirebaseFirestoreCombine-Community */,
				BFFA7F802DB12C9500267730 /* FirebaseFunctions */,
				BFFA7F822DB12C9500267730 /* FirebaseFunctionsCombine-Community */,
				BFFA7F842DB12C9500267730 /* FirebaseInAppMessaging-Beta */,
				BFFA7F862DB12C9500267730 /* FirebaseInstallations */,
				BFFA7F882DB12C9500267730 /* FirebaseMessaging */,
				BFFA7F8A2DB12C9500267730 /* FirebaseMLModelDownloader */,
				BFFA7F8C2DB12C9500267730 /* FirebasePerformance */,
				BFFA7F8E2DB12C9500267730 /* FirebaseRemoteConfig */,
				BFFA7F902DB12C9500267730 /* FirebaseStorage */,
				BFFA7F922DB12C9500267730 /* FirebaseStorageCombine-Community */,
				BFFA7F942DB12C9500267730 /* FirebaseVertexAI */,
			);
			productName = "Sports-Sync-App";
			productReference = BFDE9A762DA937D1009F73E9 /* Sports-Sync-App.app */;
			productType = "com.apple.product-type.application";
		};
/* End PBXNativeTarget section */

/* Begin PBXProject section */
		BFDE9A6E2DA937D1009F73E9 /* Project object */ = {
			isa = PBXProject;
			attributes = {
				BuildIndependentTargetsInParallel = 1;
				LastSwiftUpdateCheck = 1620;
				LastUpgradeCheck = 1620;
				TargetAttributes = {
					BFDE9A752DA937D1009F73E9 = {
						CreatedOnToolsVersion = 16.2;
					};
				};
			};
			buildConfigurationList = BFDE9A712DA937D1009F73E9 /* Build configuration list for PBXProject "Sports-Sync-App" */;
			developmentRegion = en;
			hasScannedForEncodings = 0;
			knownRegions = (
				en,
				Base,
			);
			mainGroup = BFDE9A6D2DA937D1009F73E9;
			minimizedProjectReferenceProxies = 1;
			packageReferences = (
				BFFA7F642DB1279D00267730 /* XCRemoteSwiftPackageReference "firebase-ios-sdk" */,
			);
			preferredProjectObjectVersion = 77;
			productRefGroup = BFDE9A772DA937D1009F73E9 /* Products */;
			projectDirPath = "";
			projectRoot = "";
			targets = (
				BFDE9A752DA937D1009F73E9 /* Sports-Sync-App */,
			);
		};
/* End PBXProject section */

/* Begin PBXResourcesBuildPhase section */
		BFDE9A742DA937D1009F73E9 /* Resources */ = {
			isa = PBXResourcesBuildPhase;
			buildActionMask = 2147483647;
			files = (
			);
			runOnlyForDeploymentPostprocessing = 0;
		};
/* End PBXResourcesBuildPhase section */

/* Begin PBXSourcesBuildPhase section */
		BFDE9A722DA937D1009F73E9 /* Sources */ = {
			isa = PBXSourcesBuildPhase;
			buildActionMask = 2147483647;
			files = (
			);
			runOnlyForDeploymentPostprocessing = 0;
		};
/* End PBXSourcesBuildPhase section */

/* Begin XCBuildConfiguration section */
		BFDE9A822DA937D3009F73E9 /* Debug */ = {
			isa = XCBuildConfiguration;
			buildSettings = {
				ALWAYS_SEARCH_USER_PATHS = NO;
				ASSETCATALOG_COMPILER_GENERATE_SWIFT_ASSET_SYMBOL_EXTENSIONS = YES;
				CLANG_ANALYZER_NONNULL = YES;
				CLANG_ANALYZER_NUMBER_OBJECT_CONVERSION = YES_AGGRESSIVE;
				CLANG_CXX_LANGUAGE_STANDARD = "gnu++20";
				CLANG_ENABLE_MODULES = YES;
				CLANG_ENABLE_OBJC_ARC = YES;
				CLANG_ENABLE_OBJC_WEAK = YES;
				CLANG_WARN_BLOCK_CAPTURE_AUTORELEASING = YES;
				CLANG_WARN_BOOL_CONVERSION = YES;
				CLANG_WARN_COMMA = YES;
				CLANG_WARN_CONSTANT_CONVERSION = YES;
				CLANG_WARN_DEPRECATED_OBJC_IMPLEMENTATIONS = YES;
				CLANG_WARN_DIRECT_OBJC_ISA_USAGE = YES_ERROR;
				CLANG_WARN_DOCUMENTATION_COMMENTS = YES;
				CLANG_WARN_EMPTY_BODY = YES;
				CLANG_WARN_ENUM_CONVERSION = YES;
				CLANG_WARN_INFINITE_RECURSION = YES;
				CLANG_WARN_INT_CONVERSION = YES;
				CLANG_WARN_NON_LITERAL_NULL_CONVERSION = YES;
				CLANG_WARN_OBJC_IMPLICIT_RETAIN_SELF = YES;
				CLANG_WARN_OBJC_LITERAL_CONVERSION = YES;
				CLANG_WARN_OBJC_ROOT_CLASS = YES_ERROR;
				CLANG_WARN_QUOTED_INCLUDE_IN_FRAMEWORK_HEADER = YES;
				CLANG_WARN_RANGE_LOOP_ANALYSIS = YES;
				CLANG_WARN_STRICT_PROTOTYPES = YES;
				CLANG_WARN_SUSPICIOUS_MOVE = YES;
				CLANG_WARN_UNGUARDED_AVAILABILITY = YES_AGGRESSIVE;
				CLANG_WARN_UNREACHABLE_CODE = YES;
				CLANG_WARN__DUPLICATE_METHOD_MATCH = YES;
				COPY_PHASE_STRIP = NO;
				DEBUG_INFORMATION_FORMAT = dwarf;
				ENABLE_STRICT_OBJC_MSGSEND = YES;
				ENABLE_TESTABILITY = YES;
				ENABLE_USER_SCRIPT_SANDBOXING = YES;
				GCC_C_LANGUAGE_STANDARD = gnu17;
				GCC_DYNAMIC_NO_PIC = NO;
				GCC_NO_COMMON_BLOCKS = YES;
				GCC_OPTIMIZATION_LEVEL = 0;
				GCC_PREPROCESSOR_DEFINITIONS = (
					"DEBUG=1",
					"$(inherited)",
				);
				GCC_WARN_64_TO_32_BIT_CONVERSION = YES;
				GCC_WARN_ABOUT_RETURN_TYPE = YES_ERROR;
				GCC_WARN_UNDECLARED_SELECTOR = YES;
				GCC_WARN_UNINITIALIZED_AUTOS = YES_AGGRESSIVE;
				GCC_WARN_UNUSED_FUNCTION = YES;
				GCC_WARN_UNUSED_VARIABLE = YES;
				IPHONEOS_DEPLOYMENT_TARGET = 18.2;
				LOCALIZATION_PREFERS_STRING_CATALOGS = YES;
				MTL_ENABLE_DEBUG_INFO = INCLUDE_SOURCE;
				MTL_FAST_MATH = YES;
				ONLY_ACTIVE_ARCH = YES;
				SDKROOT = iphoneos;
				SWIFT_ACTIVE_COMPILATION_CONDITIONS = "DEBUG $(inherited)";
				SWIFT_OPTIMIZATION_LEVEL = "-Onone";
			};
			name = Debug;
		};
		BFDE9A832DA937D3009F73E9 /* Release */ = {
			isa = XCBuildConfiguration;
			buildSettings = {
				ALWAYS_SEARCH_USER_PATHS = NO;
				ASSETCATALOG_COMPILER_GENERATE_SWIFT_ASSET_SYMBOL_EXTENSIONS = YES;
				CLANG_ANALYZER_NONNULL = YES;
				CLANG_ANALYZER_NUMBER_OBJECT_CONVERSION = YES_AGGRESSIVE;
				CLANG_CXX_LANGUAGE_STANDARD = "gnu++20";
				CLANG_ENABLE_MODULES = YES;
				CLANG_ENABLE_OBJC_ARC = YES;
				CLANG_ENABLE_OBJC_WEAK = YES;
				CLANG_WARN_BLOCK_CAPTURE_AUTORELEASING = YES;
				CLANG_WARN_BOOL_CONVERSION = YES;
				CLANG_WARN_COMMA = YES;
				CLANG_WARN_CONSTANT_CONVERSION = YES;
				CLANG_WARN_DEPRECATED_OBJC_IMPLEMENTATIONS = YES;
				CLANG_WARN_DIRECT_OBJC_ISA_USAGE = YES_ERROR;
				CLANG_WARN_DOCUMENTATION_COMMENTS = YES;
				CLANG_WARN_EMPTY_BODY = YES;
				CLANG_WARN_ENUM_CONVERSION = YES;
				CLANG_WARN_INFINITE_RECURSION = YES;
				CLANG_WARN_INT_CONVERSION = YES;
				CLANG_WARN_NON_LITERAL_NULL_CONVERSION = YES;
				CLANG_WARN_OBJC_IMPLICIT_RETAIN_SELF = YES;
				CLANG_WARN_OBJC_LITERAL_CONVERSION = YES;
				CLANG_WARN_OBJC_ROOT_CLASS = YES_ERROR;
				CLANG_WARN_QUOTED_INCLUDE_IN_FRAMEWORK_HEADER = YES;
				CLANG_WARN_RANGE_LOOP_ANALYSIS = YES;
				CLANG_WARN_STRICT_PROTOTYPES = YES;
				CLANG_WARN_SUSPICIOUS_MOVE = YES;
				CLANG_WARN_UNGUARDED_AVAILABILITY = YES_AGGRESSIVE;
				CLANG_WARN_UNREACHABLE_CODE = YES;
				CLANG_WARN__DUPLICATE_METHOD_MATCH = YES;
				COPY_PHASE_STRIP = NO;
				DEBUG_INFORMATION_FORMAT = "dwarf-with-dsym";
				ENABLE_NS_ASSERTIONS = NO;
				ENABLE_STRICT_OBJC_MSGSEND = YES;
				ENABLE_USER_SCRIPT_SANDBOXING = YES;
				GCC_C_LANGUAGE_STANDARD = gnu17;
				GCC_NO_COMMON_BLOCKS = YES;
				GCC_WARN_64_TO_32_BIT_CONVERSION = YES;
				GCC_WARN_ABOUT_RETURN_TYPE = YES_ERROR;
				GCC_WARN_UNDECLARED_SELECTOR = YES;
				GCC_WARN_UNINITIALIZED_AUTOS = YES_AGGRESSIVE;
				GCC_WARN_UNUSED_FUNCTION = YES;
				GCC_WARN_UNUSED_VARIABLE = YES;
				IPHONEOS_DEPLOYMENT_TARGET = 18.2;
				LOCALIZATION_PREFERS_STRING_CATALOGS = YES;
				MTL_ENABLE_DEBUG_INFO = NO;
				MTL_FAST_MATH = YES;
				SDKROOT = iphoneos;
				SWIFT_COMPILATION_MODE = wholemodule;
				VALIDATE_PRODUCT = YES;
			};
			name = Release;
		};
		BFDE9A852DA937D3009F73E9 /* Debug */ = {
			isa = XCBuildConfiguration;
			buildSettings = {
				ASSETCATALOG_COMPILER_APPICON_NAME = AppIcon;
				ASSETCATALOG_COMPILER_GLOBAL_ACCENT_COLOR_NAME = AccentColor;
				CODE_SIGN_STYLE = Automatic;
				CURRENT_PROJECT_VERSION = 1;
				DEVELOPMENT_ASSET_PATHS = "\"Sports-Sync-App/Preview Content\"";
				DEVELOPMENT_TEAM = MYG92X5P93;
				ENABLE_PREVIEWS = YES;
				GENERATE_INFOPLIST_FILE = YES;
				INFOPLIST_FILE = "Sports-Sync-App/Info.plist";
				INFOPLIST_KEY_LSApplicationCategoryType = "";
				INFOPLIST_KEY_UIApplicationSceneManifest_Generation = YES;
				INFOPLIST_KEY_UIApplicationSupportsIndirectInputEvents = YES;
				INFOPLIST_KEY_UILaunchScreen_Generation = YES;
				INFOPLIST_KEY_UISupportedInterfaceOrientations_iPad = "UIInterfaceOrientationPortrait UIInterfaceOrientationPortraitUpsideDown UIInterfaceOrientationLandscapeLeft UIInterfaceOrientationLandscapeRight";
				INFOPLIST_KEY_UISupportedInterfaceOrientations_iPhone = "UIInterfaceOrientationPortrait UIInterfaceOrientationLandscapeLeft UIInterfaceOrientationLandscapeRight";
				LD_RUNPATH_SEARCH_PATHS = (
					"$(inherited)",
					"@executable_path/Frameworks",
				);
				MARKETING_VERSION = 1.0;
				PRODUCT_BUNDLE_IDENTIFIER = "Aryan-QL.SwiftUI";
				PRODUCT_NAME = "$(TARGET_NAME)";
				SWIFT_EMIT_LOC_STRINGS = YES;
				SWIFT_VERSION = 5.0;
				TARGETED_DEVICE_FAMILY = "1,2";
			};
			name = Debug;
		};
		BFDE9A862DA937D3009F73E9 /* Release */ = {
			isa = XCBuildConfiguration;
			buildSettings = {
				ASSETCATALOG_COMPILER_APPICON_NAME = AppIcon;
				ASSETCATALOG_COMPILER_GLOBAL_ACCENT_COLOR_NAME = AccentColor;
				CODE_SIGN_STYLE = Automatic;
				CURRENT_PROJECT_VERSION = 1;
				DEVELOPMENT_ASSET_PATHS = "\"Sports-Sync-App/Preview Content\"";
				DEVELOPMENT_TEAM = MYG92X5P93;
				ENABLE_PREVIEWS = YES;
				GENERATE_INFOPLIST_FILE = YES;
				INFOPLIST_FILE = "Sports-Sync-App/Info.plist";
				INFOPLIST_KEY_LSApplicationCategoryType = "";
				INFOPLIST_KEY_UIApplicationSceneManifest_Generation = YES;
				INFOPLIST_KEY_UIApplicationSupportsIndirectInputEvents = YES;
				INFOPLIST_KEY_UILaunchScreen_Generation = YES;
				INFOPLIST_KEY_UISupportedInterfaceOrientations_iPad = "UIInterfaceOrientationPortrait UIInterfaceOrientationPortraitUpsideDown UIInterfaceOrientationLandscapeLeft UIInterfaceOrientationLandscapeRight";
				INFOPLIST_KEY_UISupportedInterfaceOrientations_iPhone = "UIInterfaceOrientationPortrait UIInterfaceOrientationLandscapeLeft UIInterfaceOrientationLandscapeRight";
				LD_RUNPATH_SEARCH_PATHS = (
					"$(inherited)",
					"@executable_path/Frameworks",
				);
				MARKETING_VERSION = 1.0;
				PRODUCT_BUNDLE_IDENTIFIER = "Aryan-QL.SwiftUI";
				PRODUCT_NAME = "$(TARGET_NAME)";
				SWIFT_EMIT_LOC_STRINGS = YES;
				SWIFT_VERSION = 5.0;
				TARGETED_DEVICE_FAMILY = "1,2";
			};
			name = Release;
		};
/* End XCBuildConfiguration section */

/* Begin XCConfigurationList section */
		BFDE9A712DA937D1009F73E9 /* Build configuration list for PBXProject "Sports-Sync-App" */ = {
			isa = XCConfigurationList;
			buildConfigurations = (
				BFDE9A822DA937D3009F73E9 /* Debug */,
				BFDE9A832DA937D3009F73E9 /* Release */,
			);
			defaultConfigurationIsVisible = 0;
			defaultConfigurationName = Release;
		};
		BFDE9A842DA937D3009F73E9 /* Build configuration list for PBXNativeTarget "Sports-Sync-App" */ = {
			isa = XCConfigurationList;
			buildConfigurations = (
				BFDE9A852DA937D3009F73E9 /* Debug */,
				BFDE9A862DA937D3009F73E9 /* Release */,
			);
			defaultConfigurationIsVisible = 0;
			defaultConfigurationName = Release;
		};
/* End XCConfigurationList section */

/* Begin XCRemoteSwiftPackageReference section */
		BFFA7F642DB1279D00267730 /* XCRemoteSwiftPackageReference "firebase-ios-sdk" */ = {
			isa = XCRemoteSwiftPackageReference;
			repositoryURL = "https://github.com/firebase/firebase-ios-sdk";
			requirement = {
				kind = upToNextMajorVersion;
				minimumVersion = 11.11.0;
			};
		};
/* End XCRemoteSwiftPackageReference section */

/* Begin XCSwiftPackageProductDependency section */
		BFFA7F662DB12C9500267730 /* FirebaseAnalytics */ = {
			isa = XCSwiftPackageProductDependency;
			package = BFFA7F642DB1279D00267730 /* XCRemoteSwiftPackageReference "firebase-ios-sdk" */;
			productName = FirebaseAnalytics;
		};
		BFFA7F682DB12C9500267730 /* FirebaseAnalyticsOnDeviceConversion */ = {
			isa = XCSwiftPackageProductDependency;
			package = BFFA7F642DB1279D00267730 /* XCRemoteSwiftPackageReference "firebase-ios-sdk" */;
			productName = FirebaseAnalyticsOnDeviceConversion;
		};
		BFFA7F6A2DB12C9500267730 /* FirebaseAnalyticsWithoutAdIdSupport */ = {
			isa = XCSwiftPackageProductDependency;
			package = BFFA7F642DB1279D00267730 /* XCRemoteSwiftPackageReference "firebase-ios-sdk" */;
			productName = FirebaseAnalyticsWithoutAdIdSupport;
		};
		BFFA7F6C2DB12C9500267730 /* FirebaseAppCheck */ = {
			isa = XCSwiftPackageProductDependency;
			package = BFFA7F642DB1279D00267730 /* XCRemoteSwiftPackageReference "firebase-ios-sdk" */;
			productName = FirebaseAppCheck;
		};
		BFFA7F6E2DB12C9500267730 /* FirebaseAppDistribution-Beta */ = {
			isa = XCSwiftPackageProductDependency;
			package = BFFA7F642DB1279D00267730 /* XCRemoteSwiftPackageReference "firebase-ios-sdk" */;
			productName = "FirebaseAppDistribution-Beta";
		};
		BFFA7F702DB12C9500267730 /* FirebaseAuth */ = {
			isa = XCSwiftPackageProductDependency;
			package = BFFA7F642DB1279D00267730 /* XCRemoteSwiftPackageReference "firebase-ios-sdk" */;
			productName = FirebaseAuth;
		};
		BFFA7F722DB12C9500267730 /* FirebaseAuthCombine-Community */ = {
			isa = XCSwiftPackageProductDependency;
			package = BFFA7F642DB1279D00267730 /* XCRemoteSwiftPackageReference "firebase-ios-sdk" */;
			productName = "FirebaseAuthCombine-Community";
		};
		BFFA7F742DB12C9500267730 /* FirebaseCore */ = {
			isa = XCSwiftPackageProductDependency;
			package = BFFA7F642DB1279D00267730 /* XCRemoteSwiftPackageReference "firebase-ios-sdk" */;
			productName = FirebaseCore;
		};
		BFFA7F762DB12C9500267730 /* FirebaseCrashlytics */ = {
			isa = XCSwiftPackageProductDependency;
			package = BFFA7F642DB1279D00267730 /* XCRemoteSwiftPackageReference "firebase-ios-sdk" */;
			productName = FirebaseCrashlytics;
		};
		BFFA7F782DB12C9500267730 /* FirebaseDatabase */ = {
			isa = XCSwiftPackageProductDependency;
			package = BFFA7F642DB1279D00267730 /* XCRemoteSwiftPackageReference "firebase-ios-sdk" */;
			productName = FirebaseDatabase;
		};
		BFFA7F7A2DB12C9500267730 /* FirebaseDynamicLinks */ = {
			isa = XCSwiftPackageProductDependency;
			package = BFFA7F642DB1279D00267730 /* XCRemoteSwiftPackageReference "firebase-ios-sdk" */;
			productName = FirebaseDynamicLinks;
		};
		BFFA7F7C2DB12C9500267730 /* FirebaseFirestore */ = {
			isa = XCSwiftPackageProductDependency;
			package = BFFA7F642DB1279D00267730 /* XCRemoteSwiftPackageReference "firebase-ios-sdk" */;
			productName = FirebaseFirestore;
		};
		BFFA7F7E2DB12C9500267730 /* FirebaseFirestoreCombine-Community */ = {
			isa = XCSwiftPackageProductDependency;
			package = BFFA7F642DB1279D00267730 /* XCRemoteSwiftPackageReference "firebase-ios-sdk" */;
			productName = "FirebaseFirestoreCombine-Community";
		};
		BFFA7F802DB12C9500267730 /* FirebaseFunctions */ = {
			isa = XCSwiftPackageProductDependency;
			package = BFFA7F642DB1279D00267730 /* XCRemoteSwiftPackageReference "firebase-ios-sdk" */;
			productName = FirebaseFunctions;
		};
		BFFA7F822DB12C9500267730 /* FirebaseFunctionsCombine-Community */ = {
			isa = XCSwiftPackageProductDependency;
			package = BFFA7F642DB1279D00267730 /* XCRemoteSwiftPackageReference "firebase-ios-sdk" */;
			productName = "FirebaseFunctionsCombine-Community";
		};
		BFFA7F842DB12C9500267730 /* FirebaseInAppMessaging-Beta */ = {
			isa = XCSwiftPackageProductDependency;
			package = BFFA7F642DB1279D00267730 /* XCRemoteSwiftPackageReference "firebase-ios-sdk" */;
			productName = "FirebaseInAppMessaging-Beta";
		};
		BFFA7F862DB12C9500267730 /* FirebaseInstallations */ = {
			isa = XCSwiftPackageProductDependency;
			package = BFFA7F642DB1279D00267730 /* XCRemoteSwiftPackageReference "firebase-ios-sdk" */;
			productName = FirebaseInstallations;
		};
		BFFA7F882DB12C9500267730 /* FirebaseMessaging */ = {
			isa = XCSwiftPackageProductDependency;
			package = BFFA7F642DB1279D00267730 /* XCRemoteSwiftPackageReference "firebase-ios-sdk" */;
			productName = FirebaseMessaging;
		};
		BFFA7F8A2DB12C9500267730 /* FirebaseMLModelDownloader */ = {
			isa = XCSwiftPackageProductDependency;
			package = BFFA7F642DB1279D00267730 /* XCRemoteSwiftPackageReference "firebase-ios-sdk" */;
			productName = FirebaseMLModelDownloader;
		};
		BFFA7F8C2DB12C9500267730 /* FirebasePerformance */ = {
			isa = XCSwiftPackageProductDependency;
			package = BFFA7F642DB1279D00267730 /* XCRemoteSwiftPackageReference "firebase-ios-sdk" */;
			productName = FirebasePerformance;
		};
		BFFA7F8E2DB12C9500267730 /* FirebaseRemoteConfig */ = {
			isa = XCSwiftPackageProductDependency;
			package = BFFA7F642DB1279D00267730 /* XCRemoteSwiftPackageReference "firebase-ios-sdk" */;
			productName = FirebaseRemoteConfig;
		};
		BFFA7F902DB12C9500267730 /* FirebaseStorage */ = {
			isa = XCSwiftPackageProductDependency;
			package = BFFA7F642DB1279D00267730 /* XCRemoteSwiftPackageReference "firebase-ios-sdk" */;
			productName = FirebaseStorage;
		};
		BFFA7F922DB12C9500267730 /* FirebaseStorageCombine-Community */ = {
			isa = XCSwiftPackageProductDependency;
			package = BFFA7F642DB1279D00267730 /* XCRemoteSwiftPackageReference "firebase-ios-sdk" */;
			productName = "FirebaseStorageCombine-Community";
		};
		BFFA7F942DB12C9500267730 /* FirebaseVertexAI */ = {
			isa = XCSwiftPackageProductDependency;
			package = BFFA7F642DB1279D00267730 /* XCRemoteSwiftPackageReference "firebase-ios-sdk" */;
			productName = FirebaseVertexAI;
		};
/* End XCSwiftPackageProductDependency section */
	};
	rootObject = BFDE9A6E2DA937D1009F73E9 /* Project object */;
}
